// !$*UTF8*$!
{
	archiveVersion = 1;
	classes = {
	};
	objectVersion = 46;
	objects = {

/* Begin PBXBuildFile section */
		36EB50CD1E58CCB3007B415C /* AppDelegate.swift in Sources */ = {isa = PBXBuildFile; fileRef = 36EB50CC1E58CCB3007B415C /* AppDelegate.swift */; };
		36EB50CF1E58CCB3007B415C /* GameViewController.swift in Sources */ = {isa = PBXBuildFile; fileRef = 36EB50CE1E58CCB3007B415C /* GameViewController.swift */; };
		36EB50D21E58CCB3007B415C /* Main.storyboard in Resources */ = {isa = PBXBuildFile; fileRef = 36EB50D01E58CCB3007B415C /* Main.storyboard */; };
		36EB50D51E58CCB3007B415C /* LaunchScreen.storyboard in Resources */ = {isa = PBXBuildFile; fileRef = 36EB50D31E58CCB3007B415C /* LaunchScreen.storyboard */; };
		36EB50DA1E58CCB3007B415C /* GameplayKitExample.app in Embed Watch Content */ = {isa = PBXBuildFile; fileRef = 36EB50D91E58CCB3007B415C /* GameplayKitExample.app */; };
		36EB50E01E58CCB3007B415C /* Interface.storyboard in Resources */ = {isa = PBXBuildFile; fileRef = 36EB50DE1E58CCB3007B415C /* Interface.storyboard */; };
		36EB50E71E58CCB3007B415C /* GameplayKitExample Extension.appex in Embed App Extensions */ = {isa = PBXBuildFile; fileRef = 36EB50E61E58CCB3007B415C /* GameplayKitExample Extension.appex */; settings = {ATTRIBUTES = (RemoveHeadersOnCopy, ); }; };
		36EB50EC1E58CCB3007B415C /* InterfaceController.swift in Sources */ = {isa = PBXBuildFile; fileRef = 36EB50EB1E58CCB3007B415C /* InterfaceController.swift */; };
		36EB50EE1E58CCB3007B415C /* ExtensionDelegate.swift in Sources */ = {isa = PBXBuildFile; fileRef = 36EB50ED1E58CCB3007B415C /* ExtensionDelegate.swift */; };
		36EB50F71E58CCB3007B415C /* AppDelegate.swift in Sources */ = {isa = PBXBuildFile; fileRef = 36EB50F61E58CCB3007B415C /* AppDelegate.swift */; };
		36EB50F91E58CCB3007B415C /* GameViewController.swift in Sources */ = {isa = PBXBuildFile; fileRef = 36EB50F81E58CCB3007B415C /* GameViewController.swift */; };
		36EB50FC1E58CCB3007B415C /* Main.storyboard in Resources */ = {isa = PBXBuildFile; fileRef = 36EB50FA1E58CCB3007B415C /* Main.storyboard */; };
		36EB51051E58CCB3007B415C /* AppDelegate.swift in Sources */ = {isa = PBXBuildFile; fileRef = 36EB51041E58CCB3007B415C /* AppDelegate.swift */; };
		36EB51071E58CCB3007B415C /* GameViewController.swift in Sources */ = {isa = PBXBuildFile; fileRef = 36EB51061E58CCB3007B415C /* GameViewController.swift */; };
		36EB510A1E58CCB3007B415C /* Main.storyboard in Resources */ = {isa = PBXBuildFile; fileRef = 36EB51081E58CCB3007B415C /* Main.storyboard */; };
		36EB510C1E58CCB3007B415C /* Actions.sks in Resources */ = {isa = PBXBuildFile; fileRef = 36EB50C11E58CCB3007B415C /* Actions.sks */; };
		36EB510D1E58CCB3007B415C /* Actions.sks in Resources */ = {isa = PBXBuildFile; fileRef = 36EB50C11E58CCB3007B415C /* Actions.sks */; };
		36EB510E1E58CCB3007B415C /* Actions.sks in Resources */ = {isa = PBXBuildFile; fileRef = 36EB50C11E58CCB3007B415C /* Actions.sks */; };
		36EB510F1E58CCB3007B415C /* GameScene.sks in Resources */ = {isa = PBXBuildFile; fileRef = 36EB50C21E58CCB3007B415C /* GameScene.sks */; };
		36EB51101E58CCB3007B415C /* GameScene.sks in Resources */ = {isa = PBXBuildFile; fileRef = 36EB50C21E58CCB3007B415C /* GameScene.sks */; };
		36EB51111E58CCB3007B415C /* GameScene.sks in Resources */ = {isa = PBXBuildFile; fileRef = 36EB50C21E58CCB3007B415C /* GameScene.sks */; };
		36EB51121E58CCB3007B415C /* GameScene.sks in Resources */ = {isa = PBXBuildFile; fileRef = 36EB50C21E58CCB3007B415C /* GameScene.sks */; };
		36EB51131E58CCB3007B415C /* GameScene.swift in Sources */ = {isa = PBXBuildFile; fileRef = 36EB50C31E58CCB3007B415C /* GameScene.swift */; };
		36EB51141E58CCB3007B415C /* GameScene.swift in Sources */ = {isa = PBXBuildFile; fileRef = 36EB50C31E58CCB3007B415C /* GameScene.swift */; };
		36EB51151E58CCB3007B415C /* GameScene.swift in Sources */ = {isa = PBXBuildFile; fileRef = 36EB50C31E58CCB3007B415C /* GameScene.swift */; };
		36EB51161E58CCB3007B415C /* GameScene.swift in Sources */ = {isa = PBXBuildFile; fileRef = 36EB50C31E58CCB3007B415C /* GameScene.swift */; };
		36EB51171E58CCB3007B415C /* Assets.xcassets in Resources */ = {isa = PBXBuildFile; fileRef = 36EB50C41E58CCB3007B415C /* Assets.xcassets */; };
		36EB51181E58CCB3007B415C /* Assets.xcassets in Resources */ = {isa = PBXBuildFile; fileRef = 36EB50C41E58CCB3007B415C /* Assets.xcassets */; };
		36EB51191E58CCB3007B415C /* Assets.xcassets in Resources */ = {isa = PBXBuildFile; fileRef = 36EB50C41E58CCB3007B415C /* Assets.xcassets */; };
		36EB511A1E58CCB3007B415C /* Assets.xcassets in Resources */ = {isa = PBXBuildFile; fileRef = 36EB50C41E58CCB3007B415C /* Assets.xcassets */; };
		36EB51301E58D542007B415C /* Level.swift in Sources */ = {isa = PBXBuildFile; fileRef = 36EB512F1E58D542007B415C /* Level.swift */; };
		36EB51311E58D545007B415C /* Level.swift in Sources */ = {isa = PBXBuildFile; fileRef = 36EB512F1E58D542007B415C /* Level.swift */; };
		36EB51321E58D545007B415C /* Level.swift in Sources */ = {isa = PBXBuildFile; fileRef = 36EB512F1E58D542007B415C /* Level.swift */; };
		36EB51331E58D546007B415C /* Level.swift in Sources */ = {isa = PBXBuildFile; fileRef = 36EB512F1E58D542007B415C /* Level.swift */; };
		36EB51361E59631D007B415C /* SpriteComponent.swift in Sources */ = {isa = PBXBuildFile; fileRef = 36EB51351E59631D007B415C /* SpriteComponent.swift */; };
		36EB51371E59631D007B415C /* SpriteComponent.swift in Sources */ = {isa = PBXBuildFile; fileRef = 36EB51351E59631D007B415C /* SpriteComponent.swift */; };
		36EB51381E59631D007B415C /* SpriteComponent.swift in Sources */ = {isa = PBXBuildFile; fileRef = 36EB51351E59631D007B415C /* SpriteComponent.swift */; };
		36EB51391E59631D007B415C /* SpriteComponent.swift in Sources */ = {isa = PBXBuildFile; fileRef = 36EB51351E59631D007B415C /* SpriteComponent.swift */; };
		36EB513C1E596493007B415C /* LevelGraph.swift in Sources */ = {isa = PBXBuildFile; fileRef = 36EB513B1E596493007B415C /* LevelGraph.swift */; };
		36EB513D1E596493007B415C /* LevelGraph.swift in Sources */ = {isa = PBXBuildFile; fileRef = 36EB513B1E596493007B415C /* LevelGraph.swift */; };
		36EB513E1E596493007B415C /* LevelGraph.swift in Sources */ = {isa = PBXBuildFile; fileRef = 36EB513B1E596493007B415C /* LevelGraph.swift */; };
		36EB513F1E596493007B415C /* LevelGraph.swift in Sources */ = {isa = PBXBuildFile; fileRef = 36EB513B1E596493007B415C /* LevelGraph.swift */; };
		36EB51421E59E248007B415C /* CGPoint.swift in Sources */ = {isa = PBXBuildFile; fileRef = 36EB51411E59E248007B415C /* CGPoint.swift */; };
		36EB51431E59E248007B415C /* CGPoint.swift in Sources */ = {isa = PBXBuildFile; fileRef = 36EB51411E59E248007B415C /* CGPoint.swift */; };
		36EB51441E59E248007B415C /* CGPoint.swift in Sources */ = {isa = PBXBuildFile; fileRef = 36EB51411E59E248007B415C /* CGPoint.swift */; };
		36EB51451E59E248007B415C /* CGPoint.swift in Sources */ = {isa = PBXBuildFile; fileRef = 36EB51411E59E248007B415C /* CGPoint.swift */; };
		36EB51471E59E2A6007B415C /* vector_int2.swift in Sources */ = {isa = PBXBuildFile; fileRef = 36EB51461E59E2A6007B415C /* vector_int2.swift */; };
		36EB51481E59E2A6007B415C /* vector_int2.swift in Sources */ = {isa = PBXBuildFile; fileRef = 36EB51461E59E2A6007B415C /* vector_int2.swift */; };
		36EB51491E59E2A6007B415C /* vector_int2.swift in Sources */ = {isa = PBXBuildFile; fileRef = 36EB51461E59E2A6007B415C /* vector_int2.swift */; };
		36EB514A1E59E2A6007B415C /* vector_int2.swift in Sources */ = {isa = PBXBuildFile; fileRef = 36EB51461E59E2A6007B415C /* vector_int2.swift */; };
		36EB514C1E59E8B4007B415C /* BoardPoint.swift in Sources */ = {isa = PBXBuildFile; fileRef = 36EB514B1E59E8B4007B415C /* BoardPoint.swift */; };
		36EB514D1E59E8B4007B415C /* BoardPoint.swift in Sources */ = {isa = PBXBuildFile; fileRef = 36EB514B1E59E8B4007B415C /* BoardPoint.swift */; };
		36EB514E1E59E8B4007B415C /* BoardPoint.swift in Sources */ = {isa = PBXBuildFile; fileRef = 36EB514B1E59E8B4007B415C /* BoardPoint.swift */; };
		36EB514F1E59E8B4007B415C /* BoardPoint.swift in Sources */ = {isa = PBXBuildFile; fileRef = 36EB514B1E59E8B4007B415C /* BoardPoint.swift */; };
		36EB51511E59E91B007B415C /* BoardType.swift in Sources */ = {isa = PBXBuildFile; fileRef = 36EB51501E59E91B007B415C /* BoardType.swift */; };
		36EB51521E59E91B007B415C /* BoardType.swift in Sources */ = {isa = PBXBuildFile; fileRef = 36EB51501E59E91B007B415C /* BoardType.swift */; };
		36EB51531E59E91B007B415C /* BoardType.swift in Sources */ = {isa = PBXBuildFile; fileRef = 36EB51501E59E91B007B415C /* BoardType.swift */; };
		36EB51541E59E91B007B415C /* BoardType.swift in Sources */ = {isa = PBXBuildFile; fileRef = 36EB51501E59E91B007B415C /* BoardType.swift */; };
		36EB515C1E59F0B6007B415C /* GridMapping.swift in Sources */ = {isa = PBXBuildFile; fileRef = 36EB515B1E59F0B6007B415C /* GridMapping.swift */; };
		36EB515D1E59F0B6007B415C /* GridMapping.swift in Sources */ = {isa = PBXBuildFile; fileRef = 36EB515B1E59F0B6007B415C /* GridMapping.swift */; };
		36EB515E1E59F0B6007B415C /* GridMapping.swift in Sources */ = {isa = PBXBuildFile; fileRef = 36EB515B1E59F0B6007B415C /* GridMapping.swift */; };
		36EB515F1E59F0B6007B415C /* GridMapping.swift in Sources */ = {isa = PBXBuildFile; fileRef = 36EB515B1E59F0B6007B415C /* GridMapping.swift */; };
		36EB51611E59F1E1007B415C /* BoardEntity.swift in Sources */ = {isa = PBXBuildFile; fileRef = 36EB51601E59F1E1007B415C /* BoardEntity.swift */; };
		36EB51621E59F1E1007B415C /* BoardEntity.swift in Sources */ = {isa = PBXBuildFile; fileRef = 36EB51601E59F1E1007B415C /* BoardEntity.swift */; };
		36EB51631E59F1E1007B415C /* BoardEntity.swift in Sources */ = {isa = PBXBuildFile; fileRef = 36EB51601E59F1E1007B415C /* BoardEntity.swift */; };
		36EB51641E59F1E1007B415C /* BoardEntity.swift in Sources */ = {isa = PBXBuildFile; fileRef = 36EB51601E59F1E1007B415C /* BoardEntity.swift */; };
		36EB516C1E59F6E4007B415C /* EnemyState.swift in Sources */ = {isa = PBXBuildFile; fileRef = 36EB516B1E59F6E4007B415C /* EnemyState.swift */; };
		36EB516D1E59F6E4007B415C /* EnemyState.swift in Sources */ = {isa = PBXBuildFile; fileRef = 36EB516B1E59F6E4007B415C /* EnemyState.swift */; };
		36EB516E1E59F6E4007B415C /* EnemyState.swift in Sources */ = {isa = PBXBuildFile; fileRef = 36EB516B1E59F6E4007B415C /* EnemyState.swift */; };
		36EB516F1E59F6E4007B415C /* EnemyState.swift in Sources */ = {isa = PBXBuildFile; fileRef = 36EB516B1E59F6E4007B415C /* EnemyState.swift */; };
		932719621E5ABBAC0027CCE5 /* Game.swift in Sources */ = {isa = PBXBuildFile; fileRef = 932719611E5ABBAC0027CCE5 /* Game.swift */; };
		932719631E5ABBAC0027CCE5 /* Game.swift in Sources */ = {isa = PBXBuildFile; fileRef = 932719611E5ABBAC0027CCE5 /* Game.swift */; };
		932719641E5ABBAC0027CCE5 /* Game.swift in Sources */ = {isa = PBXBuildFile; fileRef = 932719611E5ABBAC0027CCE5 /* Game.swift */; };
		932719651E5ABBAC0027CCE5 /* Game.swift in Sources */ = {isa = PBXBuildFile; fileRef = 932719611E5ABBAC0027CCE5 /* Game.swift */; };
		939E85411E5B397C00C44999 /* PlayerControlComponent.swift in Sources */ = {isa = PBXBuildFile; fileRef = 939E85401E5B397C00C44999 /* PlayerControlComponent.swift */; };
		939E85421E5B397C00C44999 /* PlayerControlComponent.swift in Sources */ = {isa = PBXBuildFile; fileRef = 939E85401E5B397C00C44999 /* PlayerControlComponent.swift */; };
		939E85431E5B397C00C44999 /* PlayerControlComponent.swift in Sources */ = {isa = PBXBuildFile; fileRef = 939E85401E5B397C00C44999 /* PlayerControlComponent.swift */; };
		939E85441E5B397C00C44999 /* PlayerControlComponent.swift in Sources */ = {isa = PBXBuildFile; fileRef = 939E85401E5B397C00C44999 /* PlayerControlComponent.swift */; };
		939E85471E5B3E8F00C44999 /* IntelligenceComponent.swift in Sources */ = {isa = PBXBuildFile; fileRef = 939E85461E5B3E8F00C44999 /* IntelligenceComponent.swift */; };
		939E85481E5B3E8F00C44999 /* IntelligenceComponent.swift in Sources */ = {isa = PBXBuildFile; fileRef = 939E85461E5B3E8F00C44999 /* IntelligenceComponent.swift */; };
		939E85491E5B3E8F00C44999 /* IntelligenceComponent.swift in Sources */ = {isa = PBXBuildFile; fileRef = 939E85461E5B3E8F00C44999 /* IntelligenceComponent.swift */; };
		939E854A1E5B3E8F00C44999 /* IntelligenceComponent.swift in Sources */ = {isa = PBXBuildFile; fileRef = 939E85461E5B3E8F00C44999 /* IntelligenceComponent.swift */; };
		939E854C1E5B6CB600C44999 /* EnemyChaseState.swift in Sources */ = {isa = PBXBuildFile; fileRef = 939E854B1E5B6CB600C44999 /* EnemyChaseState.swift */; };
		939E854D1E5B6CB600C44999 /* EnemyChaseState.swift in Sources */ = {isa = PBXBuildFile; fileRef = 939E854B1E5B6CB600C44999 /* EnemyChaseState.swift */; };
		939E854E1E5B6CB600C44999 /* EnemyChaseState.swift in Sources */ = {isa = PBXBuildFile; fileRef = 939E854B1E5B6CB600C44999 /* EnemyChaseState.swift */; };
		939E854F1E5B6CB600C44999 /* EnemyChaseState.swift in Sources */ = {isa = PBXBuildFile; fileRef = 939E854B1E5B6CB600C44999 /* EnemyChaseState.swift */; };
		939E85511E5B727600C44999 /* EnemyFleeState.swift in Sources */ = {isa = PBXBuildFile; fileRef = 939E85501E5B727600C44999 /* EnemyFleeState.swift */; };
		939E85521E5B727600C44999 /* EnemyFleeState.swift in Sources */ = {isa = PBXBuildFile; fileRef = 939E85501E5B727600C44999 /* EnemyFleeState.swift */; };
		939E85531E5B727600C44999 /* EnemyFleeState.swift in Sources */ = {isa = PBXBuildFile; fileRef = 939E85501E5B727600C44999 /* EnemyFleeState.swift */; };
		939E85541E5B727600C44999 /* EnemyFleeState.swift in Sources */ = {isa = PBXBuildFile; fileRef = 939E85501E5B727600C44999 /* EnemyFleeState.swift */; };
		939E85561E5BA6C800C44999 /* EnemyDefeatedState.swift in Sources */ = {isa = PBXBuildFile; fileRef = 939E85551E5BA6C800C44999 /* EnemyDefeatedState.swift */; };
		939E85571E5BA6C800C44999 /* EnemyDefeatedState.swift in Sources */ = {isa = PBXBuildFile; fileRef = 939E85551E5BA6C800C44999 /* EnemyDefeatedState.swift */; };
		939E85581E5BA6C800C44999 /* EnemyDefeatedState.swift in Sources */ = {isa = PBXBuildFile; fileRef = 939E85551E5BA6C800C44999 /* EnemyDefeatedState.swift */; };
		939E85591E5BA6C800C44999 /* EnemyDefeatedState.swift in Sources */ = {isa = PBXBuildFile; fileRef = 939E85551E5BA6C800C44999 /* EnemyDefeatedState.swift */; };
		939E855B1E5BAFD200C44999 /* EnemyRespawnState.swift in Sources */ = {isa = PBXBuildFile; fileRef = 939E855A1E5BAFD200C44999 /* EnemyRespawnState.swift */; };
		939E855C1E5BAFD200C44999 /* EnemyRespawnState.swift in Sources */ = {isa = PBXBuildFile; fileRef = 939E855A1E5BAFD200C44999 /* EnemyRespawnState.swift */; };
		939E855D1E5BAFD200C44999 /* EnemyRespawnState.swift in Sources */ = {isa = PBXBuildFile; fileRef = 939E855A1E5BAFD200C44999 /* EnemyRespawnState.swift */; };
		939E855E1E5BAFD200C44999 /* EnemyRespawnState.swift in Sources */ = {isa = PBXBuildFile; fileRef = 939E855A1E5BAFD200C44999 /* EnemyRespawnState.swift */; };
		939E85651E5BBB3000C44999 /* EntityType.swift in Sources */ = {isa = PBXBuildFile; fileRef = 939E85641E5BBB3000C44999 /* EntityType.swift */; };
		939E85661E5BBB3000C44999 /* EntityType.swift in Sources */ = {isa = PBXBuildFile; fileRef = 939E85641E5BBB3000C44999 /* EntityType.swift */; };
		939E85671E5BBB3000C44999 /* EntityType.swift in Sources */ = {isa = PBXBuildFile; fileRef = 939E85641E5BBB3000C44999 /* EntityType.swift */; };
		939E85681E5BBB3000C44999 /* EntityType.swift in Sources */ = {isa = PBXBuildFile; fileRef = 939E85641E5BBB3000C44999 /* EntityType.swift */; };
/* End PBXBuildFile section */

/* Begin PBXContainerItemProxy section */
		36EB50DB1E58CCB3007B415C /* PBXContainerItemProxy */ = {
			isa = PBXContainerItemProxy;
			containerPortal = 36EB50BC1E58CCB3007B415C /* Project object */;
			proxyType = 1;
			remoteGlobalIDString = 36EB50D81E58CCB3007B415C;
			remoteInfo = "watchOS App";
		};
		36EB50E81E58CCB3007B415C /* PBXContainerItemProxy */ = {
			isa = PBXContainerItemProxy;
			containerPortal = 36EB50BC1E58CCB3007B415C /* Project object */;
			proxyType = 1;
			remoteGlobalIDString = 36EB50E51E58CCB3007B415C;
			remoteInfo = "watchOS Extension";
		};
/* End PBXContainerItemProxy section */

/* Begin PBXCopyFilesBuildPhase section */
		36EB51201E58CCB3007B415C /* Embed App Extensions */ = {
			isa = PBXCopyFilesBuildPhase;
			buildActionMask = 2147483647;
			dstPath = "";
			dstSubfolderSpec = 13;
			files = (
				36EB50E71E58CCB3007B415C /* GameplayKitExample Extension.appex in Embed App Extensions */,
			);
			name = "Embed App Extensions";
			runOnlyForDeploymentPostprocessing = 0;
		};
		36EB51241E58CCB3007B415C /* Embed Watch Content */ = {
			isa = PBXCopyFilesBuildPhase;
			buildActionMask = 2147483647;
			dstPath = "$(CONTENTS_FOLDER_PATH)/Watch";
			dstSubfolderSpec = 16;
			files = (
				36EB50DA1E58CCB3007B415C /* GameplayKitExample.app in Embed Watch Content */,
			);
			name = "Embed Watch Content";
			runOnlyForDeploymentPostprocessing = 0;
		};
/* End PBXCopyFilesBuildPhase section */

/* Begin PBXFileReference section */
		36EB50C11E58CCB3007B415C /* Actions.sks */ = {isa = PBXFileReference; lastKnownFileType = file.sks; path = Actions.sks; sourceTree = "<group>"; };
		36EB50C21E58CCB3007B415C /* GameScene.sks */ = {isa = PBXFileReference; lastKnownFileType = file.sks; path = GameScene.sks; sourceTree = "<group>"; };
		36EB50C31E58CCB3007B415C /* GameScene.swift */ = {isa = PBXFileReference; lastKnownFileType = sourcecode.swift; path = GameScene.swift; sourceTree = "<group>"; };
		36EB50C41E58CCB3007B415C /* Assets.xcassets */ = {isa = PBXFileReference; lastKnownFileType = folder.assetcatalog; path = Assets.xcassets; sourceTree = "<group>"; };
		36EB50C91E58CCB3007B415C /* GameplayKitExample.app */ = {isa = PBXFileReference; explicitFileType = wrapper.application; includeInIndex = 0; path = GameplayKitExample.app; sourceTree = BUILT_PRODUCTS_DIR; };
		36EB50CC1E58CCB3007B415C /* AppDelegate.swift */ = {isa = PBXFileReference; lastKnownFileType = sourcecode.swift; path = AppDelegate.swift; sourceTree = "<group>"; };
		36EB50CE1E58CCB3007B415C /* GameViewController.swift */ = {isa = PBXFileReference; lastKnownFileType = sourcecode.swift; path = GameViewController.swift; sourceTree = "<group>"; };
		36EB50D11E58CCB3007B415C /* Base */ = {isa = PBXFileReference; lastKnownFileType = file.storyboard; name = Base; path = Base.lproj/Main.storyboard; sourceTree = "<group>"; };
		36EB50D41E58CCB3007B415C /* Base */ = {isa = PBXFileReference; lastKnownFileType = file.storyboard; name = Base; path = Base.lproj/LaunchScreen.storyboard; sourceTree = "<group>"; };
		36EB50D61E58CCB3007B415C /* Info.plist */ = {isa = PBXFileReference; lastKnownFileType = text.plist.xml; path = Info.plist; sourceTree = "<group>"; };
		36EB50D91E58CCB3007B415C /* GameplayKitExample.app */ = {isa = PBXFileReference; explicitFileType = wrapper.application; includeInIndex = 0; path = GameplayKitExample.app; sourceTree = BUILT_PRODUCTS_DIR; };
		36EB50DF1E58CCB3007B415C /* Base */ = {isa = PBXFileReference; lastKnownFileType = file.storyboard; name = Base; path = Base.lproj/Interface.storyboard; sourceTree = "<group>"; };
		36EB50E11E58CCB3007B415C /* Info.plist */ = {isa = PBXFileReference; lastKnownFileType = text.plist.xml; path = Info.plist; sourceTree = "<group>"; };
		36EB50E61E58CCB3007B415C /* GameplayKitExample Extension.appex */ = {isa = PBXFileReference; explicitFileType = "wrapper.app-extension"; includeInIndex = 0; path = "GameplayKitExample Extension.appex"; sourceTree = BUILT_PRODUCTS_DIR; };
		36EB50EB1E58CCB3007B415C /* InterfaceController.swift */ = {isa = PBXFileReference; lastKnownFileType = sourcecode.swift; path = InterfaceController.swift; sourceTree = "<group>"; };
		36EB50ED1E58CCB3007B415C /* ExtensionDelegate.swift */ = {isa = PBXFileReference; lastKnownFileType = sourcecode.swift; path = ExtensionDelegate.swift; sourceTree = "<group>"; };
		36EB50EF1E58CCB3007B415C /* Info.plist */ = {isa = PBXFileReference; lastKnownFileType = text.plist.xml; path = Info.plist; sourceTree = "<group>"; };
		36EB50F41E58CCB3007B415C /* GameplayKitExample.app */ = {isa = PBXFileReference; explicitFileType = wrapper.application; includeInIndex = 0; path = GameplayKitExample.app; sourceTree = BUILT_PRODUCTS_DIR; };
		36EB50F61E58CCB3007B415C /* AppDelegate.swift */ = {isa = PBXFileReference; lastKnownFileType = sourcecode.swift; path = AppDelegate.swift; sourceTree = "<group>"; };
		36EB50F81E58CCB3007B415C /* GameViewController.swift */ = {isa = PBXFileReference; lastKnownFileType = sourcecode.swift; path = GameViewController.swift; sourceTree = "<group>"; };
		36EB50FB1E58CCB3007B415C /* Base */ = {isa = PBXFileReference; lastKnownFileType = file.storyboard; name = Base; path = Base.lproj/Main.storyboard; sourceTree = "<group>"; };
		36EB50FD1E58CCB3007B415C /* Info.plist */ = {isa = PBXFileReference; lastKnownFileType = text.plist.xml; path = Info.plist; sourceTree = "<group>"; };
		36EB51021E58CCB3007B415C /* GameplayKitExample.app */ = {isa = PBXFileReference; explicitFileType = wrapper.application; includeInIndex = 0; path = GameplayKitExample.app; sourceTree = BUILT_PRODUCTS_DIR; };
		36EB51041E58CCB3007B415C /* AppDelegate.swift */ = {isa = PBXFileReference; lastKnownFileType = sourcecode.swift; path = AppDelegate.swift; sourceTree = "<group>"; };
		36EB51061E58CCB3007B415C /* GameViewController.swift */ = {isa = PBXFileReference; lastKnownFileType = sourcecode.swift; path = GameViewController.swift; sourceTree = "<group>"; };
		36EB51091E58CCB3007B415C /* Base */ = {isa = PBXFileReference; lastKnownFileType = file.storyboard; name = Base; path = Base.lproj/Main.storyboard; sourceTree = "<group>"; };
		36EB510B1E58CCB3007B415C /* Info.plist */ = {isa = PBXFileReference; lastKnownFileType = text.plist.xml; path = Info.plist; sourceTree = "<group>"; };
		36EB512F1E58D542007B415C /* Level.swift */ = {isa = PBXFileReference; fileEncoding = 4; lastKnownFileType = sourcecode.swift; path = Level.swift; sourceTree = "<group>"; };
		36EB51351E59631D007B415C /* SpriteComponent.swift */ = {isa = PBXFileReference; fileEncoding = 4; lastKnownFileType = sourcecode.swift; path = SpriteComponent.swift; sourceTree = "<group>"; };
		36EB513B1E596493007B415C /* LevelGraph.swift */ = {isa = PBXFileReference; fileEncoding = 4; lastKnownFileType = sourcecode.swift; path = LevelGraph.swift; sourceTree = "<group>"; };
		36EB51411E59E248007B415C /* CGPoint.swift */ = {isa = PBXFileReference; fileEncoding = 4; lastKnownFileType = sourcecode.swift; path = CGPoint.swift; sourceTree = "<group>"; };
		36EB51461E59E2A6007B415C /* vector_int2.swift */ = {isa = PBXFileReference; fileEncoding = 4; lastKnownFileType = sourcecode.swift; path = vector_int2.swift; sourceTree = "<group>"; };
		36EB514B1E59E8B4007B415C /* BoardPoint.swift */ = {isa = PBXFileReference; fileEncoding = 4; lastKnownFileType = sourcecode.swift; path = BoardPoint.swift; sourceTree = "<group>"; };
		36EB51501E59E91B007B415C /* BoardType.swift */ = {isa = PBXFileReference; fileEncoding = 4; lastKnownFileType = sourcecode.swift; path = BoardType.swift; sourceTree = "<group>"; };
		36EB515B1E59F0B6007B415C /* GridMapping.swift */ = {isa = PBXFileReference; fileEncoding = 4; lastKnownFileType = sourcecode.swift; path = GridMapping.swift; sourceTree = "<group>"; };
		36EB51601E59F1E1007B415C /* BoardEntity.swift */ = {isa = PBXFileReference; fileEncoding = 4; lastKnownFileType = sourcecode.swift; path = BoardEntity.swift; sourceTree = "<group>"; };
		36EB516B1E59F6E4007B415C /* EnemyState.swift */ = {isa = PBXFileReference; fileEncoding = 4; lastKnownFileType = sourcecode.swift; path = EnemyState.swift; sourceTree = "<group>"; };
		932719611E5ABBAC0027CCE5 /* Game.swift */ = {isa = PBXFileReference; fileEncoding = 4; lastKnownFileType = sourcecode.swift; path = Game.swift; sourceTree = "<group>"; };
		939E85401E5B397C00C44999 /* PlayerControlComponent.swift */ = {isa = PBXFileReference; fileEncoding = 4; lastKnownFileType = sourcecode.swift; path = PlayerControlComponent.swift; sourceTree = "<group>"; };
		939E85461E5B3E8F00C44999 /* IntelligenceComponent.swift */ = {isa = PBXFileReference; fileEncoding = 4; lastKnownFileType = sourcecode.swift; path = IntelligenceComponent.swift; sourceTree = "<group>"; };
		939E854B1E5B6CB600C44999 /* EnemyChaseState.swift */ = {isa = PBXFileReference; fileEncoding = 4; lastKnownFileType = sourcecode.swift; path = EnemyChaseState.swift; sourceTree = "<group>"; };
		939E85501E5B727600C44999 /* EnemyFleeState.swift */ = {isa = PBXFileReference; fileEncoding = 4; lastKnownFileType = sourcecode.swift; path = EnemyFleeState.swift; sourceTree = "<group>"; };
		939E85551E5BA6C800C44999 /* EnemyDefeatedState.swift */ = {isa = PBXFileReference; fileEncoding = 4; lastKnownFileType = sourcecode.swift; path = EnemyDefeatedState.swift; sourceTree = "<group>"; };
		939E855A1E5BAFD200C44999 /* EnemyRespawnState.swift */ = {isa = PBXFileReference; fileEncoding = 4; lastKnownFileType = sourcecode.swift; path = EnemyRespawnState.swift; sourceTree = "<group>"; };
		939E85641E5BBB3000C44999 /* EntityType.swift */ = {isa = PBXFileReference; fileEncoding = 4; lastKnownFileType = sourcecode.swift; path = EntityType.swift; sourceTree = "<group>"; };
/* End PBXFileReference section */

/* Begin PBXFrameworksBuildPhase section */
		36EB50C61E58CCB3007B415C /* Frameworks */ = {
			isa = PBXFrameworksBuildPhase;
			buildActionMask = 2147483647;
			files = (
			);
			runOnlyForDeploymentPostprocessing = 0;
		};
		36EB50E31E58CCB3007B415C /* Frameworks */ = {
			isa = PBXFrameworksBuildPhase;
			buildActionMask = 2147483647;
			files = (
			);
			runOnlyForDeploymentPostprocessing = 0;
		};
		36EB50F11E58CCB3007B415C /* Frameworks */ = {
			isa = PBXFrameworksBuildPhase;
			buildActionMask = 2147483647;
			files = (
			);
			runOnlyForDeploymentPostprocessing = 0;
		};
		36EB50FF1E58CCB3007B415C /* Frameworks */ = {
			isa = PBXFrameworksBuildPhase;
			buildActionMask = 2147483647;
			files = (
			);
			runOnlyForDeploymentPostprocessing = 0;
		};
/* End PBXFrameworksBuildPhase section */

/* Begin PBXGroup section */
		36EB50BB1E58CCB3007B415C = {
			isa = PBXGroup;
			children = (
				36EB50C01E58CCB3007B415C /* Shared */,
				36EB50CB1E58CCB3007B415C /* iOS */,
				36EB50DD1E58CCB3007B415C /* watchOS App */,
				36EB50EA1E58CCB3007B415C /* watchOS Extension */,
				36EB50F51E58CCB3007B415C /* tvOS */,
				36EB51031E58CCB3007B415C /* macOS */,
				36EB50CA1E58CCB3007B415C /* Products */,
			);
			sourceTree = "<group>";
		};
		36EB50C01E58CCB3007B415C /* Shared */ = {
			isa = PBXGroup;
			children = (
				36EB51401E59E237007B415C /* Extensions */,
				36EB512E1E58D534007B415C /* Model */,
				36EB50C11E58CCB3007B415C /* Actions.sks */,
				36EB50C21E58CCB3007B415C /* GameScene.sks */,
				36EB50C31E58CCB3007B415C /* GameScene.swift */,
				36EB50C41E58CCB3007B415C /* Assets.xcassets */,
			);
			path = Shared;
			sourceTree = "<group>";
		};
		36EB50CA1E58CCB3007B415C /* Products */ = {
			isa = PBXGroup;
			children = (
				36EB50C91E58CCB3007B415C /* GameplayKitExample.app */,
				36EB50D91E58CCB3007B415C /* GameplayKitExample.app */,
				36EB50E61E58CCB3007B415C /* GameplayKitExample Extension.appex */,
				36EB50F41E58CCB3007B415C /* GameplayKitExample.app */,
				36EB51021E58CCB3007B415C /* GameplayKitExample.app */,
			);
			name = Products;
			sourceTree = "<group>";
		};
		36EB50CB1E58CCB3007B415C /* iOS */ = {
			isa = PBXGroup;
			children = (
				36EB50CC1E58CCB3007B415C /* AppDelegate.swift */,
				36EB50CE1E58CCB3007B415C /* GameViewController.swift */,
				36EB50D01E58CCB3007B415C /* Main.storyboard */,
				36EB50D31E58CCB3007B415C /* LaunchScreen.storyboard */,
				36EB50D61E58CCB3007B415C /* Info.plist */,
			);
			path = iOS;
			sourceTree = "<group>";
		};
		36EB50DD1E58CCB3007B415C /* watchOS App */ = {
			isa = PBXGroup;
			children = (
				36EB50DE1E58CCB3007B415C /* Interface.storyboard */,
				36EB50E11E58CCB3007B415C /* Info.plist */,
			);
			path = "watchOS App";
			sourceTree = "<group>";
		};
		36EB50EA1E58CCB3007B415C /* watchOS Extension */ = {
			isa = PBXGroup;
			children = (
				36EB50EB1E58CCB3007B415C /* InterfaceController.swift */,
				36EB50ED1E58CCB3007B415C /* ExtensionDelegate.swift */,
				36EB50EF1E58CCB3007B415C /* Info.plist */,
			);
			path = "watchOS Extension";
			sourceTree = "<group>";
		};
		36EB50F51E58CCB3007B415C /* tvOS */ = {
			isa = PBXGroup;
			children = (
				36EB50F61E58CCB3007B415C /* AppDelegate.swift */,
				36EB50F81E58CCB3007B415C /* GameViewController.swift */,
				36EB50FA1E58CCB3007B415C /* Main.storyboard */,
				36EB50FD1E58CCB3007B415C /* Info.plist */,
			);
			path = tvOS;
			sourceTree = "<group>";
		};
		36EB51031E58CCB3007B415C /* macOS */ = {
			isa = PBXGroup;
			children = (
				36EB51041E58CCB3007B415C /* AppDelegate.swift */,
				36EB51061E58CCB3007B415C /* GameViewController.swift */,
				36EB51081E58CCB3007B415C /* Main.storyboard */,
				36EB510B1E58CCB3007B415C /* Info.plist */,
			);
			path = macOS;
			sourceTree = "<group>";
		};
		36EB512E1E58D534007B415C /* Model */ = {
			isa = PBXGroup;
			children = (
				36EB516A1E59F6BE007B415C /* EnemyStates */,
				36EB515A1E59F07C007B415C /* Protocols */,
				36EB513A1E596474007B415C /* Paths */,
				939E85451E5B3E7E00C44999 /* Components */,
				36EB51341E5962E8007B415C /* Entities */,
				36EB512F1E58D542007B415C /* Level.swift */,
				36EB514B1E59E8B4007B415C /* BoardPoint.swift */,
				36EB51501E59E91B007B415C /* BoardType.swift */,
				932719611E5ABBAC0027CCE5 /* Game.swift */,
			);
			name = Model;
			sourceTree = "<group>";
		};
		36EB51341E5962E8007B415C /* Entities */ = {
			isa = PBXGroup;
			children = (
				36EB51601E59F1E1007B415C /* BoardEntity.swift */,
			);
			name = Entities;
			sourceTree = "<group>";
		};
		36EB513A1E596474007B415C /* Paths */ = {
			isa = PBXGroup;
			children = (
				36EB513B1E596493007B415C /* LevelGraph.swift */,
			);
			name = Paths;
			sourceTree = "<group>";
		};
		36EB51401E59E237007B415C /* Extensions */ = {
			isa = PBXGroup;
			children = (
				36EB51411E59E248007B415C /* CGPoint.swift */,
				36EB51461E59E2A6007B415C /* vector_int2.swift */,
			);
			name = Extensions;
			sourceTree = "<group>";
		};
		36EB515A1E59F07C007B415C /* Protocols */ = {
			isa = PBXGroup;
			children = (
				36EB515B1E59F0B6007B415C /* GridMapping.swift */,
			);
			name = Protocols;
			sourceTree = "<group>";
		};
		36EB516A1E59F6BE007B415C /* EnemyStates */ = {
			isa = PBXGroup;
			children = (
				36EB516B1E59F6E4007B415C /* EnemyState.swift */,
				939E854B1E5B6CB600C44999 /* EnemyChaseState.swift */,
				939E85501E5B727600C44999 /* EnemyFleeState.swift */,
				939E85551E5BA6C800C44999 /* EnemyDefeatedState.swift */,
				939E855A1E5BAFD200C44999 /* EnemyRespawnState.swift */,
			);
			name = EnemyStates;
			sourceTree = "<group>";
		};
		939E85451E5B3E7E00C44999 /* Components */ = {
			isa = PBXGroup;
			children = (
				36EB51351E59631D007B415C /* SpriteComponent.swift */,
				939E85401E5B397C00C44999 /* PlayerControlComponent.swift */,
				939E85461E5B3E8F00C44999 /* IntelligenceComponent.swift */,
				939E85641E5BBB3000C44999 /* EntityType.swift */,
			);
			name = Components;
			sourceTree = "<group>";
		};
/* End PBXGroup section */

/* Begin PBXNativeTarget section */
		36EB50C81E58CCB3007B415C /* iOS */ = {
			isa = PBXNativeTarget;
			buildConfigurationList = 36EB51251E58CCB3007B415C /* Build configuration list for PBXNativeTarget "iOS" */;
			buildPhases = (
				36EB50C51E58CCB3007B415C /* Sources */,
				36EB50C61E58CCB3007B415C /* Frameworks */,
				36EB50C71E58CCB3007B415C /* Resources */,
				36EB51241E58CCB3007B415C /* Embed Watch Content */,
			);
			buildRules = (
			);
			dependencies = (
				36EB50DC1E58CCB3007B415C /* PBXTargetDependency */,
			);
			name = iOS;
			productName = iOS;
			productReference = 36EB50C91E58CCB3007B415C /* GameplayKitExample.app */;
			productType = "com.apple.product-type.application";
		};
		36EB50D81E58CCB3007B415C /* watchOS App */ = {
			isa = PBXNativeTarget;
			buildConfigurationList = 36EB51211E58CCB3007B415C /* Build configuration list for PBXNativeTarget "watchOS App" */;
			buildPhases = (
				36EB50D71E58CCB3007B415C /* Resources */,
				36EB51201E58CCB3007B415C /* Embed App Extensions */,
			);
			buildRules = (
			);
			dependencies = (
				36EB50E91E58CCB3007B415C /* PBXTargetDependency */,
			);
			name = "watchOS App";
			productName = "watchOS App";
			productReference = 36EB50D91E58CCB3007B415C /* GameplayKitExample.app */;
			productType = "com.apple.product-type.application.watchapp2";
		};
		36EB50E51E58CCB3007B415C /* watchOS Extension */ = {
			isa = PBXNativeTarget;
			buildConfigurationList = 36EB511D1E58CCB3007B415C /* Build configuration list for PBXNativeTarget "watchOS Extension" */;
			buildPhases = (
				36EB50E21E58CCB3007B415C /* Sources */,
				36EB50E31E58CCB3007B415C /* Frameworks */,
				36EB50E41E58CCB3007B415C /* Resources */,
			);
			buildRules = (
			);
			dependencies = (
			);
			name = "watchOS Extension";
			productName = "watchOS Extension";
			productReference = 36EB50E61E58CCB3007B415C /* GameplayKitExample Extension.appex */;
			productType = "com.apple.product-type.watchkit2-extension";
		};
		36EB50F31E58CCB3007B415C /* tvOS */ = {
			isa = PBXNativeTarget;
			buildConfigurationList = 36EB51281E58CCB3007B415C /* Build configuration list for PBXNativeTarget "tvOS" */;
			buildPhases = (
				36EB50F01E58CCB3007B415C /* Sources */,
				36EB50F11E58CCB3007B415C /* Frameworks */,
				36EB50F21E58CCB3007B415C /* Resources */,
			);
			buildRules = (
			);
			dependencies = (
			);
			name = tvOS;
			productName = tvOS;
			productReference = 36EB50F41E58CCB3007B415C /* GameplayKitExample.app */;
			productType = "com.apple.product-type.application";
		};
		36EB51011E58CCB3007B415C /* macOS */ = {
			isa = PBXNativeTarget;
			buildConfigurationList = 36EB512B1E58CCB3007B415C /* Build configuration list for PBXNativeTarget "macOS" */;
			buildPhases = (
				36EB50FE1E58CCB3007B415C /* Sources */,
				36EB50FF1E58CCB3007B415C /* Frameworks */,
				36EB51001E58CCB3007B415C /* Resources */,
			);
			buildRules = (
			);
			dependencies = (
			);
			name = macOS;
			productName = macOS;
			productReference = 36EB51021E58CCB3007B415C /* GameplayKitExample.app */;
			productType = "com.apple.product-type.application";
		};
/* End PBXNativeTarget section */

/* Begin PBXProject section */
		36EB50BC1E58CCB3007B415C /* Project object */ = {
			isa = PBXProject;
			attributes = {
				LastSwiftUpdateCheck = 0820;
				LastUpgradeCheck = 0820;
				ORGANIZATIONNAME = iColasoft;
				TargetAttributes = {
					36EB50C81E58CCB3007B415C = {
						CreatedOnToolsVersion = 8.2;
						DevelopmentTeam = 268S5GJFWZ;
						ProvisioningStyle = Automatic;
					};
					36EB50D81E58CCB3007B415C = {
						CreatedOnToolsVersion = 8.2;
						DevelopmentTeam = 268S5GJFWZ;
						LastSwiftMigration = 0820;
						ProvisioningStyle = Automatic;
					};
					36EB50E51E58CCB3007B415C = {
						CreatedOnToolsVersion = 8.2;
						DevelopmentTeam = 268S5GJFWZ;
						ProvisioningStyle = Automatic;
					};
					36EB50F31E58CCB3007B415C = {
						CreatedOnToolsVersion = 8.2;
						DevelopmentTeam = 268S5GJFWZ;
						ProvisioningStyle = Automatic;
					};
					36EB51011E58CCB3007B415C = {
						CreatedOnToolsVersion = 8.2;
						DevelopmentTeam = 268S5GJFWZ;
						ProvisioningStyle = Automatic;
					};
				};
			};
			buildConfigurationList = 36EB50BF1E58CCB3007B415C /* Build configuration list for PBXProject "GameplayKitExample" */;
			compatibilityVersion = "Xcode 3.2";
			developmentRegion = English;
			hasScannedForEncodings = 0;
			knownRegions = (
				en,
				Base,
			);
			mainGroup = 36EB50BB1E58CCB3007B415C;
			productRefGroup = 36EB50CA1E58CCB3007B415C /* Products */;
			projectDirPath = "";
			projectRoot = "";
			targets = (
				36EB50C81E58CCB3007B415C /* iOS */,
				36EB50D81E58CCB3007B415C /* watchOS App */,
				36EB50E51E58CCB3007B415C /* watchOS Extension */,
				36EB50F31E58CCB3007B415C /* tvOS */,
				36EB51011E58CCB3007B415C /* macOS */,
			);
		};
/* End PBXProject section */

/* Begin PBXResourcesBuildPhase section */
		36EB50C71E58CCB3007B415C /* Resources */ = {
			isa = PBXResourcesBuildPhase;
			buildActionMask = 2147483647;
			files = (
				36EB510F1E58CCB3007B415C /* GameScene.sks in Resources */,
				36EB50D21E58CCB3007B415C /* Main.storyboard in Resources */,
				36EB510C1E58CCB3007B415C /* Actions.sks in Resources */,
				36EB50D51E58CCB3007B415C /* LaunchScreen.storyboard in Resources */,
				36EB51171E58CCB3007B415C /* Assets.xcassets in Resources */,
			);
			runOnlyForDeploymentPostprocessing = 0;
		};
		36EB50D71E58CCB3007B415C /* Resources */ = {
			isa = PBXResourcesBuildPhase;
			buildActionMask = 2147483647;
			files = (
				36EB51181E58CCB3007B415C /* Assets.xcassets in Resources */,
				36EB50E01E58CCB3007B415C /* Interface.storyboard in Resources */,
			);
			runOnlyForDeploymentPostprocessing = 0;
		};
		36EB50E41E58CCB3007B415C /* Resources */ = {
			isa = PBXResourcesBuildPhase;
			buildActionMask = 2147483647;
			files = (
				36EB51101E58CCB3007B415C /* GameScene.sks in Resources */,
			);
			runOnlyForDeploymentPostprocessing = 0;
		};
		36EB50F21E58CCB3007B415C /* Resources */ = {
			isa = PBXResourcesBuildPhase;
			buildActionMask = 2147483647;
			files = (
				36EB50FC1E58CCB3007B415C /* Main.storyboard in Resources */,
				36EB51111E58CCB3007B415C /* GameScene.sks in Resources */,
				36EB51191E58CCB3007B415C /* Assets.xcassets in Resources */,
				36EB510D1E58CCB3007B415C /* Actions.sks in Resources */,
			);
			runOnlyForDeploymentPostprocessing = 0;
		};
		36EB51001E58CCB3007B415C /* Resources */ = {
			isa = PBXResourcesBuildPhase;
			buildActionMask = 2147483647;
			files = (
				36EB510A1E58CCB3007B415C /* Main.storyboard in Resources */,
				36EB51121E58CCB3007B415C /* GameScene.sks in Resources */,
				36EB511A1E58CCB3007B415C /* Assets.xcassets in Resources */,
				36EB510E1E58CCB3007B415C /* Actions.sks in Resources */,
			);
			runOnlyForDeploymentPostprocessing = 0;
		};
/* End PBXResourcesBuildPhase section */

/* Begin PBXSourcesBuildPhase section */
		36EB50C51E58CCB3007B415C /* Sources */ = {
			isa = PBXSourcesBuildPhase;
			buildActionMask = 2147483647;
			files = (
				36EB51301E58D542007B415C /* Level.swift in Sources */,
				939E854C1E5B6CB600C44999 /* EnemyChaseState.swift in Sources */,
				36EB51611E59F1E1007B415C /* BoardEntity.swift in Sources */,
				36EB513C1E596493007B415C /* LevelGraph.swift in Sources */,
				36EB51361E59631D007B415C /* SpriteComponent.swift in Sources */,
				36EB51471E59E2A6007B415C /* vector_int2.swift in Sources */,
				939E85411E5B397C00C44999 /* PlayerControlComponent.swift in Sources */,
				939E855B1E5BAFD200C44999 /* EnemyRespawnState.swift in Sources */,
				939E85561E5BA6C800C44999 /* EnemyDefeatedState.swift in Sources */,
				36EB51511E59E91B007B415C /* BoardType.swift in Sources */,
				36EB514C1E59E8B4007B415C /* BoardPoint.swift in Sources */,
				939E85651E5BBB3000C44999 /* EntityType.swift in Sources */,
				36EB515C1E59F0B6007B415C /* GridMapping.swift in Sources */,
				36EB51421E59E248007B415C /* CGPoint.swift in Sources */,
				932719621E5ABBAC0027CCE5 /* Game.swift in Sources */,
				36EB516C1E59F6E4007B415C /* EnemyState.swift in Sources */,
				36EB51131E58CCB3007B415C /* GameScene.swift in Sources */,
				36EB50CF1E58CCB3007B415C /* GameViewController.swift in Sources */,
				939E85471E5B3E8F00C44999 /* IntelligenceComponent.swift in Sources */,
				939E85511E5B727600C44999 /* EnemyFleeState.swift in Sources */,
				36EB50CD1E58CCB3007B415C /* AppDelegate.swift in Sources */,
			);
			runOnlyForDeploymentPostprocessing = 0;
		};
		36EB50E21E58CCB3007B415C /* Sources */ = {
			isa = PBXSourcesBuildPhase;
			buildActionMask = 2147483647;
			files = (
				36EB51331E58D546007B415C /* Level.swift in Sources */,
				939E854D1E5B6CB600C44999 /* EnemyChaseState.swift in Sources */,
				36EB51621E59F1E1007B415C /* BoardEntity.swift in Sources */,
				36EB513D1E596493007B415C /* LevelGraph.swift in Sources */,
				36EB51371E59631D007B415C /* SpriteComponent.swift in Sources */,
				36EB51481E59E2A6007B415C /* vector_int2.swift in Sources */,
				939E85421E5B397C00C44999 /* PlayerControlComponent.swift in Sources */,
				939E855C1E5BAFD200C44999 /* EnemyRespawnState.swift in Sources */,
				939E85571E5BA6C800C44999 /* EnemyDefeatedState.swift in Sources */,
				36EB51521E59E91B007B415C /* BoardType.swift in Sources */,
				36EB514D1E59E8B4007B415C /* BoardPoint.swift in Sources */,
				939E85661E5BBB3000C44999 /* EntityType.swift in Sources */,
				36EB515D1E59F0B6007B415C /* GridMapping.swift in Sources */,
				36EB51431E59E248007B415C /* CGPoint.swift in Sources */,
				932719631E5ABBAC0027CCE5 /* Game.swift in Sources */,
				36EB516D1E59F6E4007B415C /* EnemyState.swift in Sources */,
				36EB51141E58CCB3007B415C /* GameScene.swift in Sources */,
				36EB50EE1E58CCB3007B415C /* ExtensionDelegate.swift in Sources */,
				939E85481E5B3E8F00C44999 /* IntelligenceComponent.swift in Sources */,
				939E85521E5B727600C44999 /* EnemyFleeState.swift in Sources */,
				36EB50EC1E58CCB3007B415C /* InterfaceController.swift in Sources */,
			);
			runOnlyForDeploymentPostprocessing = 0;
		};
		36EB50F01E58CCB3007B415C /* Sources */ = {
			isa = PBXSourcesBuildPhase;
			buildActionMask = 2147483647;
			files = (
				36EB51321E58D545007B415C /* Level.swift in Sources */,
				939E854E1E5B6CB600C44999 /* EnemyChaseState.swift in Sources */,
				36EB51631E59F1E1007B415C /* BoardEntity.swift in Sources */,
				36EB513E1E596493007B415C /* LevelGraph.swift in Sources */,
				36EB51381E59631D007B415C /* SpriteComponent.swift in Sources */,
				36EB51491E59E2A6007B415C /* vector_int2.swift in Sources */,
				939E85431E5B397C00C44999 /* PlayerControlComponent.swift in Sources */,
				939E855D1E5BAFD200C44999 /* EnemyRespawnState.swift in Sources */,
				939E85581E5BA6C800C44999 /* EnemyDefeatedState.swift in Sources */,
				36EB51531E59E91B007B415C /* BoardType.swift in Sources */,
				36EB514E1E59E8B4007B415C /* BoardPoint.swift in Sources */,
				939E85671E5BBB3000C44999 /* EntityType.swift in Sources */,
				36EB515E1E59F0B6007B415C /* GridMapping.swift in Sources */,
				36EB51441E59E248007B415C /* CGPoint.swift in Sources */,
				932719641E5ABBAC0027CCE5 /* Game.swift in Sources */,
				36EB516E1E59F6E4007B415C /* EnemyState.swift in Sources */,
				36EB51151E58CCB3007B415C /* GameScene.swift in Sources */,
				36EB50F91E58CCB3007B415C /* GameViewController.swift in Sources */,
				939E85491E5B3E8F00C44999 /* IntelligenceComponent.swift in Sources */,
				939E85531E5B727600C44999 /* EnemyFleeState.swift in Sources */,
				36EB50F71E58CCB3007B415C /* AppDelegate.swift in Sources */,
			);
			runOnlyForDeploymentPostprocessing = 0;
		};
		36EB50FE1E58CCB3007B415C /* Sources */ = {
			isa = PBXSourcesBuildPhase;
			buildActionMask = 2147483647;
			files = (
				36EB51311E58D545007B415C /* Level.swift in Sources */,
				939E854F1E5B6CB600C44999 /* EnemyChaseState.swift in Sources */,
				36EB51641E59F1E1007B415C /* BoardEntity.swift in Sources */,
				36EB513F1E596493007B415C /* LevelGraph.swift in Sources */,
				36EB51391E59631D007B415C /* SpriteComponent.swift in Sources */,
				36EB514A1E59E2A6007B415C /* vector_int2.swift in Sources */,
				939E85441E5B397C00C44999 /* PlayerControlComponent.swift in Sources */,
				939E855E1E5BAFD200C44999 /* EnemyRespawnState.swift in Sources */,
				939E85591E5BA6C800C44999 /* EnemyDefeatedState.swift in Sources */,
				36EB51541E59E91B007B415C /* BoardType.swift in Sources */,
				36EB514F1E59E8B4007B415C /* BoardPoint.swift in Sources */,
				939E85681E5BBB3000C44999 /* EntityType.swift in Sources */,
				36EB515F1E59F0B6007B415C /* GridMapping.swift in Sources */,
				36EB51451E59E248007B415C /* CGPoint.swift in Sources */,
				932719651E5ABBAC0027CCE5 /* Game.swift in Sources */,
				36EB516F1E59F6E4007B415C /* EnemyState.swift in Sources */,
				36EB51161E58CCB3007B415C /* GameScene.swift in Sources */,
				36EB51071E58CCB3007B415C /* GameViewController.swift in Sources */,
				939E854A1E5B3E8F00C44999 /* IntelligenceComponent.swift in Sources */,
				939E85541E5B727600C44999 /* EnemyFleeState.swift in Sources */,
				36EB51051E58CCB3007B415C /* AppDelegate.swift in Sources */,
			);
			runOnlyForDeploymentPostprocessing = 0;
		};
/* End PBXSourcesBuildPhase section */

/* Begin PBXTargetDependency section */
		36EB50DC1E58CCB3007B415C /* PBXTargetDependency */ = {
			isa = PBXTargetDependency;
			target = 36EB50D81E58CCB3007B415C /* watchOS App */;
			targetProxy = 36EB50DB1E58CCB3007B415C /* PBXContainerItemProxy */;
		};
		36EB50E91E58CCB3007B415C /* PBXTargetDependency */ = {
			isa = PBXTargetDependency;
			target = 36EB50E51E58CCB3007B415C /* watchOS Extension */;
			targetProxy = 36EB50E81E58CCB3007B415C /* PBXContainerItemProxy */;
		};
/* End PBXTargetDependency section */

/* Begin PBXVariantGroup section */
		36EB50D01E58CCB3007B415C /* Main.storyboard */ = {
			isa = PBXVariantGroup;
			children = (
				36EB50D11E58CCB3007B415C /* Base */,
			);
			name = Main.storyboard;
			sourceTree = "<group>";
		};
		36EB50D31E58CCB3007B415C /* LaunchScreen.storyboard */ = {
			isa = PBXVariantGroup;
			children = (
				36EB50D41E58CCB3007B415C /* Base */,
			);
			name = LaunchScreen.storyboard;
			sourceTree = "<group>";
		};
		36EB50DE1E58CCB3007B415C /* Interface.storyboard */ = {
			isa = PBXVariantGroup;
			children = (
				36EB50DF1E58CCB3007B415C /* Base */,
			);
			name = Interface.storyboard;
			sourceTree = "<group>";
		};
		36EB50FA1E58CCB3007B415C /* Main.storyboard */ = {
			isa = PBXVariantGroup;
			children = (
				36EB50FB1E58CCB3007B415C /* Base */,
			);
			name = Main.storyboard;
			sourceTree = "<group>";
		};
		36EB51081E58CCB3007B415C /* Main.storyboard */ = {
			isa = PBXVariantGroup;
			children = (
				36EB51091E58CCB3007B415C /* Base */,
			);
			name = Main.storyboard;
			sourceTree = "<group>";
		};
/* End PBXVariantGroup section */

/* Begin XCBuildConfiguration section */
		36EB511B1E58CCB3007B415C /* Debug */ = {
			isa = XCBuildConfiguration;
			buildSettings = {
				ALWAYS_SEARCH_USER_PATHS = NO;
				CLANG_ANALYZER_NONNULL = YES;
				CLANG_CXX_LANGUAGE_STANDARD = "gnu++0x";
				CLANG_CXX_LIBRARY = "libc++";
				CLANG_ENABLE_MODULES = YES;
				CLANG_ENABLE_OBJC_ARC = YES;
				CLANG_WARN_BOOL_CONVERSION = YES;
				CLANG_WARN_CONSTANT_CONVERSION = YES;
				CLANG_WARN_DIRECT_OBJC_ISA_USAGE = YES_ERROR;
				CLANG_WARN_DOCUMENTATION_COMMENTS = YES;
				CLANG_WARN_EMPTY_BODY = YES;
				CLANG_WARN_ENUM_CONVERSION = YES;
				CLANG_WARN_INFINITE_RECURSION = YES;
				CLANG_WARN_INT_CONVERSION = YES;
				CLANG_WARN_OBJC_ROOT_CLASS = YES_ERROR;
				CLANG_WARN_SUSPICIOUS_MOVE = YES;
				CLANG_WARN_UNREACHABLE_CODE = YES;
				CLANG_WARN__DUPLICATE_METHOD_MATCH = YES;
				COPY_PHASE_STRIP = NO;
				DEBUG_INFORMATION_FORMAT = dwarf;
				ENABLE_STRICT_OBJC_MSGSEND = YES;
				ENABLE_TESTABILITY = YES;
				GCC_C_LANGUAGE_STANDARD = gnu99;
				GCC_DYNAMIC_NO_PIC = NO;
				GCC_NO_COMMON_BLOCKS = YES;
				GCC_OPTIMIZATION_LEVEL = 0;
				GCC_PREPROCESSOR_DEFINITIONS = (
					"DEBUG=1",
					"$(inherited)",
				);
				GCC_WARN_64_TO_32_BIT_CONVERSION = YES;
				GCC_WARN_ABOUT_RETURN_TYPE = YES_ERROR;
				GCC_WARN_UNDECLARED_SELECTOR = YES;
				GCC_WARN_UNINITIALIZED_AUTOS = YES_AGGRESSIVE;
				GCC_WARN_UNUSED_FUNCTION = YES;
				GCC_WARN_UNUSED_VARIABLE = YES;
				MTL_ENABLE_DEBUG_INFO = YES;
				ONLY_ACTIVE_ARCH = YES;
				SWIFT_ACTIVE_COMPILATION_CONDITIONS = DEBUG;
				SWIFT_OPTIMIZATION_LEVEL = "-Onone";
			};
			name = Debug;
		};
		36EB511C1E58CCB3007B415C /* Release */ = {
			isa = XCBuildConfiguration;
			buildSettings = {
				ALWAYS_SEARCH_USER_PATHS = NO;
				CLANG_ANALYZER_NONNULL = YES;
				CLANG_CXX_LANGUAGE_STANDARD = "gnu++0x";
				CLANG_CXX_LIBRARY = "libc++";
				CLANG_ENABLE_MODULES = YES;
				CLANG_ENABLE_OBJC_ARC = YES;
				CLANG_WARN_BOOL_CONVERSION = YES;
				CLANG_WARN_CONSTANT_CONVERSION = YES;
				CLANG_WARN_DIRECT_OBJC_ISA_USAGE = YES_ERROR;
				CLANG_WARN_DOCUMENTATION_COMMENTS = YES;
				CLANG_WARN_EMPTY_BODY = YES;
				CLANG_WARN_ENUM_CONVERSION = YES;
				CLANG_WARN_INFINITE_RECURSION = YES;
				CLANG_WARN_INT_CONVERSION = YES;
				CLANG_WARN_OBJC_ROOT_CLASS = YES_ERROR;
				CLANG_WARN_SUSPICIOUS_MOVE = YES;
				CLANG_WARN_UNREACHABLE_CODE = YES;
				CLANG_WARN__DUPLICATE_METHOD_MATCH = YES;
				COPY_PHASE_STRIP = NO;
				DEBUG_INFORMATION_FORMAT = "dwarf-with-dsym";
				ENABLE_NS_ASSERTIONS = NO;
				ENABLE_STRICT_OBJC_MSGSEND = YES;
				GCC_C_LANGUAGE_STANDARD = gnu99;
				GCC_NO_COMMON_BLOCKS = YES;
				GCC_WARN_64_TO_32_BIT_CONVERSION = YES;
				GCC_WARN_ABOUT_RETURN_TYPE = YES_ERROR;
				GCC_WARN_UNDECLARED_SELECTOR = YES;
				GCC_WARN_UNINITIALIZED_AUTOS = YES_AGGRESSIVE;
				GCC_WARN_UNUSED_FUNCTION = YES;
				GCC_WARN_UNUSED_VARIABLE = YES;
				MTL_ENABLE_DEBUG_INFO = NO;
				SWIFT_OPTIMIZATION_LEVEL = "-Owholemodule";
			};
			name = Release;
		};
		36EB511E1E58CCB3007B415C /* Debug */ = {
			isa = XCBuildConfiguration;
			buildSettings = {
				DEVELOPMENT_TEAM = 268S5GJFWZ;
				INFOPLIST_FILE = "watchOS Extension/Info.plist";
				LD_RUNPATH_SEARCH_PATHS = "$(inherited) @executable_path/Frameworks @executable_path/../../Frameworks";
				PRODUCT_BUNDLE_IDENTIFIER = com.icolasoft.GameplayKitExample.watchkitapp.watchkitextension;
				PRODUCT_NAME = "GameplayKitExample Extension";
				SDKROOT = watchos;
				SKIP_INSTALL = YES;
				SWIFT_VERSION = 3.0;
				WATCHOS_DEPLOYMENT_TARGET = 3.1;
			};
			name = Debug;
		};
		36EB511F1E58CCB3007B415C /* Release */ = {
			isa = XCBuildConfiguration;
			buildSettings = {
				DEVELOPMENT_TEAM = 268S5GJFWZ;
				INFOPLIST_FILE = "watchOS Extension/Info.plist";
				LD_RUNPATH_SEARCH_PATHS = "$(inherited) @executable_path/Frameworks @executable_path/../../Frameworks";
				PRODUCT_BUNDLE_IDENTIFIER = com.icolasoft.GameplayKitExample.watchkitapp.watchkitextension;
				PRODUCT_NAME = "GameplayKitExample Extension";
				SDKROOT = watchos;
				SKIP_INSTALL = YES;
				SWIFT_VERSION = 3.0;
				VALIDATE_PRODUCT = YES;
				WATCHOS_DEPLOYMENT_TARGET = 3.1;
			};
			name = Release;
		};
		36EB51221E58CCB3007B415C /* Debug */ = {
			isa = XCBuildConfiguration;
			buildSettings = {
				ALWAYS_EMBED_SWIFT_STANDARD_LIBRARIES = YES;
				ASSETCATALOG_COMPILER_APPICON_NAME = AppIcon;
				CLANG_ENABLE_MODULES = YES;
				DEVELOPMENT_TEAM = 268S5GJFWZ;
				IBSC_MODULE = GameplayKitExample_Extension;
				INFOPLIST_FILE = "watchOS App/Info.plist";
				LD_RUNPATH_SEARCH_PATHS = "$(inherited) @executable_path/../Frameworks @loader_path/../Frameworks";
				PRODUCT_BUNDLE_IDENTIFIER = com.icolasoft.GameplayKitExample.watchkitapp;
				PRODUCT_NAME = GameplayKitExample;
				SDKROOT = watchos;
				SKIP_INSTALL = YES;
				SWIFT_OPTIMIZATION_LEVEL = "-Onone";
				SWIFT_VERSION = 3.0;
				WATCHOS_DEPLOYMENT_TARGET = 3.1;
			};
			name = Debug;
		};
		36EB51231E58CCB3007B415C /* Release */ = {
			isa = XCBuildConfiguration;
			buildSettings = {
				ALWAYS_EMBED_SWIFT_STANDARD_LIBRARIES = YES;
				ASSETCATALOG_COMPILER_APPICON_NAME = AppIcon;
				CLANG_ENABLE_MODULES = YES;
				DEVELOPMENT_TEAM = 268S5GJFWZ;
				IBSC_MODULE = GameplayKitExample_Extension;
				INFOPLIST_FILE = "watchOS App/Info.plist";
				LD_RUNPATH_SEARCH_PATHS = "$(inherited) @executable_path/../Frameworks @loader_path/../Frameworks";
				PRODUCT_BUNDLE_IDENTIFIER = com.icolasoft.GameplayKitExample.watchkitapp;
				PRODUCT_NAME = GameplayKitExample;
				SDKROOT = watchos;
				SKIP_INSTALL = YES;
				SWIFT_VERSION = 3.0;
				VALIDATE_PRODUCT = YES;
				WATCHOS_DEPLOYMENT_TARGET = 3.1;
			};
			name = Release;
		};
		36EB51261E58CCB3007B415C /* Debug */ = {
			isa = XCBuildConfiguration;
			buildSettings = {
				ASSETCATALOG_COMPILER_APPICON_NAME = AppIcon;
				"CODE_SIGN_IDENTITY[sdk=iphoneos*]" = "iPhone Developer";
				DEVELOPMENT_TEAM = 268S5GJFWZ;
				INFOPLIST_FILE = iOS/Info.plist;
				IPHONEOS_DEPLOYMENT_TARGET = 10.2;
				LD_RUNPATH_SEARCH_PATHS = "$(inherited) @executable_path/Frameworks";
				PRODUCT_BUNDLE_IDENTIFIER = com.icolasoft.GameplayKitExample;
				PRODUCT_NAME = GameplayKitExample;
				SDKROOT = iphoneos;
				SWIFT_VERSION = 3.0;
				TARGETED_DEVICE_FAMILY = "1,2";
			};
			name = Debug;
		};
		36EB51271E58CCB3007B415C /* Release */ = {
			isa = XCBuildConfiguration;
			buildSettings = {
				ASSETCATALOG_COMPILER_APPICON_NAME = AppIcon;
				"CODE_SIGN_IDENTITY[sdk=iphoneos*]" = "iPhone Developer";
				DEVELOPMENT_TEAM = 268S5GJFWZ;
				INFOPLIST_FILE = iOS/Info.plist;
				IPHONEOS_DEPLOYMENT_TARGET = 10.2;
				LD_RUNPATH_SEARCH_PATHS = "$(inherited) @executable_path/Frameworks";
				PRODUCT_BUNDLE_IDENTIFIER = com.icolasoft.GameplayKitExample;
				PRODUCT_NAME = GameplayKitExample;
				SDKROOT = iphoneos;
				SWIFT_VERSION = 3.0;
				TARGETED_DEVICE_FAMILY = "1,2";
				VALIDATE_PRODUCT = YES;
			};
			name = Release;
		};
		36EB51291E58CCB3007B415C /* Debug */ = {
			isa = XCBuildConfiguration;
			buildSettings = {
				ASSETCATALOG_COMPILER_APPICON_NAME = "tvOS App Icon & Top Shelf Image";
				ASSETCATALOG_COMPILER_LAUNCHIMAGE_NAME = "tvOS LaunchImage";
				DEVELOPMENT_TEAM = 268S5GJFWZ;
				INFOPLIST_FILE = tvOS/Info.plist;
				LD_RUNPATH_SEARCH_PATHS = "$(inherited) @executable_path/Frameworks";
				PRODUCT_BUNDLE_IDENTIFIER = com.icolasoft.GameplayKitExample;
				PRODUCT_NAME = GameplayKitExample;
				SDKROOT = appletvos;
				SWIFT_VERSION = 3.0;
				TVOS_DEPLOYMENT_TARGET = 10.1;
			};
			name = Debug;
		};
		36EB512A1E58CCB3007B415C /* Release */ = {
			isa = XCBuildConfiguration;
			buildSettings = {
				ASSETCATALOG_COMPILER_APPICON_NAME = "tvOS App Icon & Top Shelf Image";
				ASSETCATALOG_COMPILER_LAUNCHIMAGE_NAME = "tvOS LaunchImage";
				DEVELOPMENT_TEAM = 268S5GJFWZ;
				INFOPLIST_FILE = tvOS/Info.plist;
				LD_RUNPATH_SEARCH_PATHS = "$(inherited) @executable_path/Frameworks";
				PRODUCT_BUNDLE_IDENTIFIER = com.icolasoft.GameplayKitExample;
				PRODUCT_NAME = GameplayKitExample;
				SDKROOT = appletvos;
				SWIFT_VERSION = 3.0;
				TVOS_DEPLOYMENT_TARGET = 10.1;
				VALIDATE_PRODUCT = YES;
			};
			name = Release;
		};
		36EB512C1E58CCB3007B415C /* Debug */ = {
			isa = XCBuildConfiguration;
			buildSettings = {
				ASSETCATALOG_COMPILER_APPICON_NAME = AppIcon;
				CODE_SIGN_IDENTITY = "-";
				COMBINE_HIDPI_IMAGES = YES;
				DEVELOPMENT_TEAM = 268S5GJFWZ;
				INFOPLIST_FILE = macOS/Info.plist;
				LD_RUNPATH_SEARCH_PATHS = "$(inherited) @executable_path/../Frameworks";
				MACOSX_DEPLOYMENT_TARGET = 10.12;
				PRODUCT_BUNDLE_IDENTIFIER = com.icolasoft.GameplayKitExample;
				PRODUCT_NAME = GameplayKitExample;
				SDKROOT = macosx;
				SWIFT_VERSION = 3.0;
			};
			name = Debug;
		};
		36EB512D1E58CCB3007B415C /* Release */ = {
			isa = XCBuildConfiguration;
			buildSettings = {
				ASSETCATALOG_COMPILER_APPICON_NAME = AppIcon;
				CODE_SIGN_IDENTITY = "-";
				COMBINE_HIDPI_IMAGES = YES;
				DEVELOPMENT_TEAM = 268S5GJFWZ;
				INFOPLIST_FILE = macOS/Info.plist;
				LD_RUNPATH_SEARCH_PATHS = "$(inherited) @executable_path/../Frameworks";
				MACOSX_DEPLOYMENT_TARGET = 10.12;
				PRODUCT_BUNDLE_IDENTIFIER = com.icolasoft.GameplayKitExample;
				PRODUCT_NAME = GameplayKitExample;
				SDKROOT = macosx;
				SWIFT_VERSION = 3.0;
			};
			name = Release;
		};
/* End XCBuildConfiguration section */

/* Begin XCConfigurationList section */
		36EB50BF1E58CCB3007B415C /* Build configuration list for PBXProject "GameplayKitExample" */ = {
			isa = XCConfigurationList;
			buildConfigurations = (
				36EB511B1E58CCB3007B415C /* Debug */,
				36EB511C1E58CCB3007B415C /* Release */,
			);
			defaultConfigurationIsVisible = 0;
			defaultConfigurationName = Release;
		};
		36EB511D1E58CCB3007B415C /* Build configuration list for PBXNativeTarget "watchOS Extension" */ = {
			isa = XCConfigurationList;
			buildConfigurations = (
				36EB511E1E58CCB3007B415C /* Debug */,
				36EB511F1E58CCB3007B415C /* Release */,
			);
			defaultConfigurationIsVisible = 0;
			defaultConfigurationName = Release;
		};
		36EB51211E58CCB3007B415C /* Build configuration list for PBXNativeTarget "watchOS App" */ = {
			isa = XCConfigurationList;
			buildConfigurations = (
				36EB51221E58CCB3007B415C /* Debug */,
				36EB51231E58CCB3007B415C /* Release */,
			);
			defaultConfigurationIsVisible = 0;
			defaultConfigurationName = Release;
		};
		36EB51251E58CCB3007B415C /* Build configuration list for PBXNativeTarget "iOS" */ = {
			isa = XCConfigurationList;
			buildConfigurations = (
				36EB51261E58CCB3007B415C /* Debug */,
				36EB51271E58CCB3007B415C /* Release */,
			);
			defaultConfigurationIsVisible = 0;
			defaultConfigurationName = Release;
		};
		36EB51281E58CCB3007B415C /* Build configuration list for PBXNativeTarget "tvOS" */ = {
			isa = XCConfigurationList;
			buildConfigurations = (
				36EB51291E58CCB3007B415C /* Debug */,
				36EB512A1E58CCB3007B415C /* Release */,
			);
			defaultConfigurationIsVisible = 0;
			defaultConfigurationName = Release;
		};
		36EB512B1E58CCB3007B415C /* Build configuration list for PBXNativeTarget "macOS" */ = {
			isa = XCConfigurationList;
			buildConfigurations = (
				36EB512C1E58CCB3007B415C /* Debug */,
				36EB512D1E58CCB3007B415C /* Release */,
			);
			defaultConfigurationIsVisible = 0;
			defaultConfigurationName = Release;
		};
/* End XCConfigurationList section */
	};
	rootObject = 36EB50BC1E58CCB3007B415C /* Project object */;
}
